
Microsoft Visual Studio Solution File, Format Version 12.00
# Visual Studio 15
VisualStudioVersion = 15.0.28307.168
MinimumVisualStudioVersion = 10.0.40219.1
Project("{FAE04EC0-301F-11D3-BF4B-00C04F79EFBC}") = "LambdaForums", "LambdaForums\LambdaForums.csproj", "{B63AE5EE-45AD-4976-842C-DFF7426B8B8C}"
EndProject
Project("{FAE04EC0-301F-11D3-BF4B-00C04F79EFBC}") = "LambdaForums.Data", "LambdaForums.Data\LambdaForums.Data.csproj", "{32F75E41-2482-434A-A4B6-F470ECBC4299}"
EndProject
Project("{FAE04EC0-301F-11D3-BF4B-00C04F79EFBC}") = "LambdaForums.Service", "LambdaForums.Service\LambdaForums.Service.csproj", "{3A1BD57B-D005-48E1-A79A-01A37FF4227D}"
EndProject
Global
	GlobalSection(SolutionConfigurationPlatforms) = preSolution
		Debug|Any CPU = Debug|Any CPU
		Release|Any CPU = Release|Any CPU
	EndGlobalSection
	GlobalSection(ProjectConfigurationPlatforms) = postSolution
		{B63AE5EE-45AD-4976-842C-DFF7426B8B8C}.Debug|Any CPU.ActiveCfg = Debug|Any CPU
		{B63AE5EE-45AD-4976-842C-DFF7426B8B8C}.Debug|Any CPU.Build.0 = Debug|Any CPU
		{B63AE5EE-45AD-4976-842C-DFF7426B8B8C}.Release|Any CPU.ActiveCfg = Release|Any CPU
		{B63AE5EE-45AD-4976-842C-DFF7426B8B8C}.Release|Any CPU.Build.0 = Release|Any CPU
		{32F75E41-2482-434A-A4B6-F470ECBC4299}.Debug|Any CPU.ActiveCfg = Debug|Any CPU
		{32F75E41-2482-434A-A4B6-F470ECBC4299}.Debug|Any CPU.Build.0 = Debug|Any CPU
		{32F75E41-2482-434A-A4B6-F470ECBC4299}.Release|Any CPU.ActiveCfg = Release|Any CPU
		{32F75E41-2482-434A-A4B6-F470ECBC4299}.Release|Any CPU.Build.0 = Release|Any CPU
		{3A1BD57B-D005-48E1-A79A-01A37FF4227D}.Debug|Any CPU.ActiveCfg = Debug|Any CPU
		{3A1BD57B-D005-48E1-A79A-01A37FF4227D}.Debug|Any CPU.Build.0 = Debug|Any CPU
		{3A1BD57B-D005-48E1-A79A-01A37FF4227D}.Release|Any CPU.ActiveCfg = Release|Any CPU
		{3A1BD57B-D005-48E1-A79A-01A37FF4227D}.Release|Any CPU.Build.0 = Release|Any CPU
	EndGlobalSection
	GlobalSection(SolutionProperties) = preSolution
		HideSolutionNode = FALSE
	EndGlobalSection
	GlobalSection(ExtensibilityGlobals) = postSolution
		SolutionGuid = {853F5D53-6457-4601-AFB7-FD7DE893D8F7}
	EndGlobalSection
EndGlobal
